// !$*UTF8*$!
{
	archiveVersion = 1;
	classes = {
	};
	objectVersion = 56;
	objects = {

/* Begin PBXBuildFile section */
		9A0AC5EE2BACDDF000B16C0D /* NowruzApp.swift in Sources */ = {isa = PBXBuildFile; fileRef = 9A0AC5ED2BACDDF000B16C0D /* NowruzApp.swift */; };
		9A0AC5F02BACDDF000B16C0D /* ContentView.swift in Sources */ = {isa = PBXBuildFile; fileRef = 9A0AC5EF2BACDDF000B16C0D /* ContentView.swift */; };
		9A0AC5F22BACDDF200B16C0D /* Assets.xcassets in Resources */ = {isa = PBXBuildFile; fileRef = 9A0AC5F12BACDDF200B16C0D /* Assets.xcassets */; };
		9A0AC5F52BACDDF200B16C0D /* Preview Assets.xcassets in Resources */ = {isa = PBXBuildFile; fileRef = 9A0AC5F42BACDDF200B16C0D /* Preview Assets.xcassets */; };
		9A0AC5FC2BACDE0500B16C0D /* ShimmerEffect.swift in Sources */ = {isa = PBXBuildFile; fileRef = 9A0AC5FB2BACDE0500B16C0D /* ShimmerEffect.swift */; };
		9A0AC5FE2BACDE3600B16C0D /* WheatView.swift in Sources */ = {isa = PBXBuildFile; fileRef = 9A0AC5FD2BACDE3600B16C0D /* WheatView.swift */; };
		9A0AC6002BACDE7900B16C0D /* ParticleEmitter.swift in Sources */ = {isa = PBXBuildFile; fileRef = 9A0AC5FF2BACDE7900B16C0D /* ParticleEmitter.swift */; };
/* End PBXBuildFile section */

/* Begin PBXFileReference section */
		9A0AC5EA2BACDDF000B16C0D /* Nowruz.app */ = {isa = PBXFileReference; explicitFileType = wrapper.application; includeInIndex = 0; path = Nowruz.app; sourceTree = BUILT_PRODUCTS_DIR; };
		9A0AC5ED2BACDDF000B16C0D /* NowruzApp.swift */ = {isa = PBXFileReference; lastKnownFileType = sourcecode.swift; path = NowruzApp.swift; sourceTree = "<group>"; };
		9A0AC5EF2BACDDF000B16C0D /* ContentView.swift */ = {isa = PBXFileReference; lastKnownFileType = sourcecode.swift; path = ContentView.swift; sourceTree = "<group>"; };
		9A0AC5F12BACDDF200B16C0D /* Assets.xcassets */ = {isa = PBXFileReference; lastKnownFileType = folder.assetcatalog; path = Assets.xcassets; sourceTree = "<group>"; };
		9A0AC5F42BACDDF200B16C0D /* Preview Assets.xcassets */ = {isa = PBXFileReference; lastKnownFileType = folder.assetcatalog; path = "Preview Assets.xcassets"; sourceTree = "<group>"; };
		9A0AC5FB2BACDE0500B16C0D /* ShimmerEffect.swift */ = {isa = PBXFileReference; lastKnownFileType = sourcecode.swift; path = ShimmerEffect.swift; sourceTree = "<group>"; };
		9A0AC5FD2BACDE3600B16C0D /* WheatView.swift */ = {isa = PBXFileReference; lastKnownFileType = sourcecode.swift; path = WheatView.swift; sourceTree = "<group>"; };
		9A0AC5FF2BACDE7900B16C0D /* ParticleEmitter.swift */ = {isa = PBXFileReference; lastKnownFileType = sourcecode.swift; path = ParticleEmitter.swift; sourceTree = "<group>"; };
/* End PBXFileReference section */

/* Begin PBXFrameworksBuildPhase section */
		9A0AC5E72BACDDF000B16C0D /* Frameworks */ = {
			isa = PBXFrameworksBuildPhase;
			buildActionMask = 2147483647;
			files = (
			);
			runOnlyForDeploymentPostprocessing = 0;
		};
/* End PBXFrameworksBuildPhase section */

/* Begin PBXGroup section */
		9A0AC5E12BACDDF000B16C0D = {
			isa = PBXGroup;
			children = (
				9A0AC5EC2BACDDF000B16C0D /* Nowruz */,
				9A0AC5EB2BACDDF000B16C0D /* Products */,
			);
			sourceTree = "<group>";
		};
		9A0AC5EB2BACDDF000B16C0D /* Products */ = {
			isa = PBXGroup;
			children = (
				9A0AC5EA2BACDDF000B16C0D /* Nowruz.app */,
			);
			name = Products;
			sourceTree = "<group>";
		};
		9A0AC5EC2BACDDF000B16C0D /* Nowruz */ = {
			isa = PBXGroup;
			children = (
				9A0AC5ED2BACDDF000B16C0D /* NowruzApp.swift */,
				9A0AC5EF2BACDDF000B16C0D /* ContentView.swift */,
				9A0AC5FF2BACDE7900B16C0D /* ParticleEmitter.swift */,
				9A0AC5FB2BACDE0500B16C0D /* ShimmerEffect.swift */,
				9A0AC5FD2BACDE3600B16C0D /* WheatView.swift */,
				9A0AC5F12BACDDF200B16C0D /* Assets.xcassets */,
				9A0AC5F32BACDDF200B16C0D /* Preview Content */,
			);
			path = Nowruz;
			sourceTree = "<group>";
		};
		9A0AC5F32BACDDF200B16C0D /* Preview Content */ = {
			isa = PBXGroup;
			children = (
				9A0AC5F42BACDDF200B16C0D /* Preview Assets.xcassets */,
			);
			path = "Preview Content";
			sourceTree = "<group>";
		};
/* End PBXGroup section */

/* Begin PBXNativeTarget section */
		9A0AC5E92BACDDF000B16C0D /* Nowruz */ = {
			isa = PBXNativeTarget;
			buildConfigurationList = 9A0AC5F82BACDDF200B16C0D /* Build configuration list for PBXNativeTarget "Nowruz" */;
			buildPhases = (
				9A0AC5E62BACDDF000B16C0D /* Sources */,
				9A0AC5E72BACDDF000B16C0D /* Frameworks */,
				9A0AC5E82BACDDF000B16C0D /* Resources */,
			);
			buildRules = (
			);
			dependencies = (
			);
			name = Nowruz;
			productName = Nowruz;
			productReference = 9A0AC5EA2BACDDF000B16C0D /* Nowruz.app */;
			productType = "com.apple.product-type.application";
		};
/* End PBXNativeTarget section */

/* Begin PBXProject section */
		9A0AC5E22BACDDF000B16C0D /* Project object */ = {
			isa = PBXProject;
			attributes = {
				BuildIndependentTargetsInParallel = 1;
				LastSwiftUpdateCheck = 1520;
				LastUpgradeCheck = 1520;
				TargetAttributes = {
					9A0AC5E92BACDDF000B16C0D = {
						CreatedOnToolsVersion = 15.2;
					};
				};
			};
			buildConfigurationList = 9A0AC5E52BACDDF000B16C0D /* Build configuration list for PBXProject "Nowruz" */;
			compatibilityVersion = "Xcode 14.0";
			developmentRegion = en;
			hasScannedForEncodings = 0;
			knownRegions = (
				en,
				Base,
			);
			mainGroup = 9A0AC5E12BACDDF000B16C0D;
			productRefGroup = 9A0AC5EB2BACDDF000B16C0D /* Products */;
			projectDirPath = "";
			projectRoot = "";
			targets = (
				9A0AC5E92BACDDF000B16C0D /* Nowruz */,
			);
		};
/* End PBXProject section */

/* Begin PBXResourcesBuildPhase section */
		9A0AC5E82BACDDF000B16C0D /* Resources */ = {
			isa = PBXResourcesBuildPhase;
			buildActionMask = 2147483647;
			files = (
				9A0AC5F52BACDDF200B16C0D /* Preview Assets.xcassets in Resources */,
				9A0AC5F22BACDDF200B16C0D /* Assets.xcassets in Resources */,
			);
			runOnlyForDeploymentPostprocessing = 0;
		};
/* End PBXResourcesBuildPhase section */

/* Begin PBXSourcesBuildPhase section */
		9A0AC5E62BACDDF000B16C0D /* Sources */ = {
			isa = PBXSourcesBuildPhase;
			buildActionMask = 2147483647;
			files = (
				9A0AC5F02BACDDF000B16C0D /* ContentView.swift in Sources */,
				9A0AC6002BACDE7900B16C0D /* ParticleEmitter.swift in Sources */,
				9A0AC5FC2BACDE0500B16C0D /* ShimmerEffect.swift in Sources */,
				9A0AC5FE2BACDE3600B16C0D /* WheatView.swift in Sources */,
				9A0AC5EE2BACDDF000B16C0D /* NowruzApp.swift in Sources */,
			);
			runOnlyForDeploymentPostprocessing = 0;
		};
/* End PBXSourcesBuildPhase section */

/* Begin XCBuildConfiguration section */
		9A0AC5F62BACDDF200B16C0D /* Debug */ = {
			isa = XCBuildConfiguration;
			buildSettings = {
				ALWAYS_SEARCH_USER_PATHS = NO;
				ASSETCATALOG_COMPILER_GENERATE_SWIFT_ASSET_SYMBOL_EXTENSIONS = YES;
				CLANG_ANALYZER_NONNULL = YES;
				CLANG_ANALYZER_NUMBER_OBJECT_CONVERSION = YES_AGGRESSIVE;
				CLANG_CXX_LANGUAGE_STANDARD = "gnu++20";
				CLANG_ENABLE_MODULES = YES;
				CLANG_ENABLE_OBJC_ARC = YES;
				CLANG_ENABLE_OBJC_WEAK = YES;
				CLANG_WARN_BLOCK_CAPTURE_AUTORELEASING = YES;
				CLANG_WARN_BOOL_CONVERSION = YES;
				CLANG_WARN_COMMA = YES;
				CLANG_WARN_CONSTANT_CONVERSION = YES;
				CLANG_WARN_DEPRECATED_OBJC_IMPLEMENTATIONS = YES;
				CLANG_WARN_DIRECT_OBJC_ISA_USAGE = YES_ERROR;
				CLANG_WARN_DOCUMENTATION_COMMENTS = YES;
				CLANG_WARN_EMPTY_BODY = YES;
				CLANG_WARN_ENUM_CONVERSION = YES;
				CLANG_WARN_INFINITE_RECURSION = YES;
				CLANG_WARN_INT_CONVERSION = YES;
				CLANG_WARN_NON_LITERAL_NULL_CONVERSION = YES;
				CLANG_WARN_OBJC_IMPLICIT_RETAIN_SELF = YES;
				CLANG_WARN_OBJC_LITERAL_CONVERSION = YES;
				CLANG_WARN_OBJC_ROOT_CLASS = YES_ERROR;
				CLANG_WARN_QUOTED_INCLUDE_IN_FRAMEWORK_HEADER = YES;
				CLANG_WARN_RANGE_LOOP_ANALYSIS = YES;
				CLANG_WARN_STRICT_PROTOTYPES = YES;
				CLANG_WARN_SUSPICIOUS_MOVE = YES;
				CLANG_WARN_UNGUARDED_AVAILABILITY = YES_AGGRESSIVE;
				CLANG_WARN_UNREACHABLE_CODE = YES;
				CLANG_WARN__DUPLICATE_METHOD_MATCH = YES;
				COPY_PHASE_STRIP = NO;
				DEBUG_INFORMATION_FORMAT = dwarf;
				ENABLE_STRICT_OBJC_MSGSEND = YES;
				ENABLE_TESTABILITY = YES;
				ENABLE_USER_SCRIPT_SANDBOXING = YES;
				GCC_C_LANGUAGE_STANDARD = gnu17;
				GCC_DYNAMIC_NO_PIC = NO;
				GCC_NO_COMMON_BLOCKS = YES;
				GCC_OPTIMIZATION_LEVEL = 0;
				GCC_PREPROCESSOR_DEFINITIONS = (
					"DEBUG=1",
					"$(inherited)",
				);
				GCC_WARN_64_TO_32_BIT_CONVERSION = YES;
				GCC_WARN_ABOUT_RETURN_TYPE = YES_ERROR;
				GCC_WARN_UNDECLARED_SELECTOR = YES;
				GCC_WARN_UNINITIALIZED_AUTOS = YES_AGGRESSIVE;
				GCC_WARN_UNUSED_FUNCTION = YES;
				GCC_WARN_UNUSED_VARIABLE = YES;
				IPHONEOS_DEPLOYMENT_TARGET = 17.2;
				LOCALIZATION_PREFERS_STRING_CATALOGS = YES;
				MTL_ENABLE_DEBUG_INFO = INCLUDE_SOURCE;
				MTL_FAST_MATH = YES;
				ONLY_ACTIVE_ARCH = YES;
				SDKROOT = iphoneos;
				SWIFT_ACTIVE_COMPILATION_CONDITIONS = "DEBUG $(inherited)";
				SWIFT_OPTIMIZATION_LEVEL = "-Onone";
			};
			name = Debug;
		};
		9A0AC5F72BACDDF200B16C0D /* Release */ = {
			isa = XCBuildConfiguration;
			buildSettings = {
				ALWAYS_SEARCH_USER_PATHS = NO;
				ASSETCATALOG_COMPILER_GENERATE_SWIFT_ASSET_SYMBOL_EXTENSIONS = YES;
				CLANG_ANALYZER_NONNULL = YES;
				CLANG_ANALYZER_NUMBER_OBJECT_CONVERSION = YES_AGGRESSIVE;
				CLANG_CXX_LANGUAGE_STANDARD = "gnu++20";
				CLANG_ENABLE_MODULES = YES;
				CLANG_ENABLE_OBJC_ARC = YES;
				CLANG_ENABLE_OBJC_WEAK = YES;
				CLANG_WARN_BLOCK_CAPTURE_AUTORELEASING = YES;
				CLANG_WARN_BOOL_CONVERSION = YES;
				CLANG_WARN_COMMA = YES;
				CLANG_WARN_CONSTANT_CONVERSION = YES;
				CLANG_WARN_DEPRECATED_OBJC_IMPLEMENTATIONS = YES;
				CLANG_WARN_DIRECT_OBJC_ISA_USAGE = YES_ERROR;
				CLANG_WARN_DOCUMENTATION_COMMENTS = YES;
				CLANG_WARN_EMPTY_BODY = YES;
				CLANG_WARN_ENUM_CONVERSION = YES;
				CLANG_WARN_INFINITE_RECURSION = YES;
				CLANG_WARN_INT_CONVERSION = YES;
				CLANG_WARN_NON_LITERAL_NULL_CONVERSION = YES;
				CLANG_WARN_OBJC_IMPLICIT_RETAIN_SELF = YES;
				CLANG_WARN_OBJC_LITERAL_CONVERSION = YES;
				CLANG_WARN_OBJC_ROOT_CLASS = YES_ERROR;
				CLANG_WARN_QUOTED_INCLUDE_IN_FRAMEWORK_HEADER = YES;
				CLANG_WARN_RANGE_LOOP_ANALYSIS = YES;
				CLANG_WARN_STRICT_PROTOTYPES = YES;
				CLANG_WARN_SUSPICIOUS_MOVE = YES;
				CLANG_WARN_UNGUARDED_AVAILABILITY = YES_AGGRESSIVE;
				CLANG_WARN_UNREACHABLE_CODE = YES;
				CLANG_WARN__DUPLICATE_METHOD_MATCH = YES;
				COPY_PHASE_STRIP = NO;
				DEBUG_INFORMATION_FORMAT = "dwarf-with-dsym";
				ENABLE_NS_ASSERTIONS = NO;
				ENABLE_STRICT_OBJC_MSGSEND = YES;
				ENABLE_USER_SCRIPT_SANDBOXING = YES;
				GCC_C_LANGUAGE_STANDARD = gnu17;
				GCC_NO_COMMON_BLOCKS = YES;
				GCC_WARN_64_TO_32_BIT_CONVERSION = YES;
				GCC_WARN_ABOUT_RETURN_TYPE = YES_ERROR;
				GCC_WARN_UNDECLARED_SELECTOR = YES;
				GCC_WARN_UNINITIALIZED_AUTOS = YES_AGGRESSIVE;
				GCC_WARN_UNUSED_FUNCTION = YES;
				GCC_WARN_UNUSED_VARIABLE = YES;
				IPHONEOS_DEPLOYMENT_TARGET = 17.2;
				LOCALIZATION_PREFERS_STRING_CATALOGS = YES;
				MTL_ENABLE_DEBUG_INFO = NO;
				MTL_FAST_MATH = YES;
				SDKROOT = iphoneos;
				SWIFT_COMPILATION_MODE = wholemodule;
				VALIDATE_PRODUCT = YES;
			};
			name = Release;
		};
		9A0AC5F92BACDDF200B16C0D /* Debug */ = {
			isa = XCBuildConfiguration;
			buildSettings = {
				ASSETCATALOG_COMPILER_APPICON_NAME = AppIcon;
				ASSETCATALOG_COMPILER_GLOBAL_ACCENT_COLOR_NAME = AccentColor;
				CODE_SIGN_STYLE = Automatic;
				CURRENT_PROJECT_VERSION = 1;
				DEVELOPMENT_ASSET_PATHS = "\"Nowruz/Preview Content\"";
				DEVELOPMENT_TEAM = 2972HQU7FK;
				ENABLE_PREVIEWS = YES;
				GENERATE_INFOPLIST_FILE = YES;
				INFOPLIST_KEY_UIApplicationSceneManifest_Generation = YES;
				INFOPLIST_KEY_UIApplicationSupportsIndirectInputEvents = YES;
				INFOPLIST_KEY_UILaunchScreen_Generation = YES;
				INFOPLIST_KEY_UISupportedInterfaceOrientations_iPad = "UIInterfaceOrientationPortrait UIInterfaceOrientationPortraitUpsideDown UIInterfaceOrientationLandscapeLeft UIInterfaceOrientationLandscapeRight";
				INFOPLIST_KEY_UISupportedInterfaceOrientations_iPhone = "UIInterfaceOrientationPortrait UIInterfaceOrientationLandscapeLeft UIInterfaceOrientationLandscapeRight";
				LD_RUNPATH_SEARCH_PATHS = (
					"$(inherited)",
					"@executable_path/Frameworks",
				);
				MARKETING_VERSION = 1.0;
				PRODUCT_BUNDLE_IDENTIFIER = com.Nowruz.Nowruz;
				PRODUCT_NAME = "$(TARGET_NAME)";
				SWIFT_EMIT_LOC_STRINGS = YES;
				SWIFT_VERSION = 5.0;
				TARGETED_DEVICE_FAMILY = "1,2";
			};
			name = Debug;
		};
		9A0AC5FA2BACDDF200B16C0D /* Release */ = {
			isa = XCBuildConfiguration;
			buildSettings = {
				ASSETCATALOG_COMPILER_APPICON_NAME = AppIcon;
				ASSETCATALOG_COMPILER_GLOBAL_ACCENT_COLOR_NAME = AccentColor;
				CODE_SIGN_STYLE = Automatic;
				CURRENT_PROJECT_VERSION = 1;
				DEVELOPMENT_ASSET_PATHS = "\"Nowruz/Preview Content\"";
				DEVELOPMENT_TEAM = 2972HQU7FK;
				ENABLE_PREVIEWS = YES;
				GENERATE_INFOPLIST_FILE = YES;
				INFOPLIST_KEY_UIApplicationSceneManifest_Generation = YES;
				INFOPLIST_KEY_UIApplicationSupportsIndirectInputEvents = YES;
				INFOPLIST_KEY_UILaunchScreen_Generation = YES;
				INFOPLIST_KEY_UISupportedInterfaceOrientations_iPad = "UIInterfaceOrientationPortrait UIInterfaceOrientationPortraitUpsideDown UIInterfaceOrientationLandscapeLeft UIInterfaceOrientationLandscapeRight";
				INFOPLIST_KEY_UISupportedInterfaceOrientations_iPhone = "UIInterfaceOrientationPortrait UIInterfaceOrientationLandscapeLeft UIInterfaceOrientationLandscapeRight";
				LD_RUNPATH_SEARCH_PATHS = (
					"$(inherited)",
					"@executable_path/Frameworks",
				);
				MARKETING_VERSION = 1.0;
				PRODUCT_BUNDLE_IDENTIFIER = com.Nowruz.Nowruz;
				PRODUCT_NAME = "$(TARGET_NAME)";
				SWIFT_EMIT_LOC_STRINGS = YES;
				SWIFT_VERSION = 5.0;
				TARGETED_DEVICE_FAMILY = "1,2";
			};
			name = Release;
		};
/* End XCBuildConfiguration section */

/* Begin XCConfigurationList section */
		9A0AC5E52BACDDF000B16C0D /* Build configuration list for PBXProject "Nowruz" */ = {
			isa = XCConfigurationList;
			buildConfigurations = (
				9A0AC5F62BACDDF200B16C0D /* Debug */,
				9A0AC5F72BACDDF200B16C0D /* Release */,
			);
			defaultConfigurationIsVisible = 0;
			defaultConfigurationName = Release;
		};
		9A0AC5F82BACDDF200B16C0D /* Build configuration list for PBXNativeTarget "Nowruz" */ = {
			isa = XCConfigurationList;
			buildConfigurations = (
				9A0AC5F92BACDDF200B16C0D /* Debug */,
				9A0AC5FA2BACDDF200B16C0D /* Release */,
			);
			defaultConfigurationIsVisible = 0;
			defaultConfigurationName = Release;
		};
/* End XCConfigurationList section */
	};
	rootObject = 9A0AC5E22BACDDF000B16C0D /* Project object */;
}
